
Microsoft Visual Studio Solution File, Format Version 12.00
# Visual Studio Version 16
VisualStudioVersion = 16.0.30523.141
MinimumVisualStudioVersion = 10.0.40219.1
Project("{FAE04EC0-301F-11D3-BF4B-00C04F79EFBC}") = "XamarinForms.ScratchView.Android", "XamarinForms.ScratchView.Android\XamarinForms.ScratchView.Android.csproj", "{58B89D86-B400-4906-B12F-659CFA101BC8}"
EndProject
Project("{FAE04EC0-301F-11D3-BF4B-00C04F79EFBC}") = "XamarinForms.ScratchView.iOS", "XamarinForms.ScratchView.iOS\XamarinForms.ScratchView.iOS.csproj", "{E92E2DFB-B970-4056-8C2B-8158BD23F991}"
EndProject
Project("{FAE04EC0-301F-11D3-BF4B-00C04F79EFBC}") = "XamarinForms.ScratchView", "XamarinForms.ScratchView\XamarinForms.ScratchView.csproj", "{D6CF2DCB-57DC-4035-8EA4-5A45589D3692}"
EndProject
Global
	GlobalSection(SolutionConfigurationPlatforms) = preSolution
		Debug|Any CPU = Debug|Any CPU
		Debug|iPhone = Debug|iPhone
		Debug|iPhoneSimulator = Debug|iPhoneSimulator
		Release|Any CPU = Release|Any CPU
		Release|iPhone = Release|iPhone
		Release|iPhoneSimulator = Release|iPhoneSimulator
	EndGlobalSection
	GlobalSection(ProjectConfigurationPlatforms) = postSolution
		{58B89D86-B400-4906-B12F-659CFA101BC8}.Debug|Any CPU.ActiveCfg = Debug|Any CPU
		{58B89D86-B400-4906-B12F-659CFA101BC8}.Debug|Any CPU.Build.0 = Debug|Any CPU
		{58B89D86-B400-4906-B12F-659CFA101BC8}.Debug|Any CPU.Deploy.0 = Debug|Any CPU
		{58B89D86-B400-4906-B12F-659CFA101BC8}.Debug|iPhone.ActiveCfg = Debug|Any CPU
		{58B89D86-B400-4906-B12F-659CFA101BC8}.Debug|iPhone.Build.0 = Debug|Any CPU
		{58B89D86-B400-4906-B12F-659CFA101BC8}.Debug|iPhone.Deploy.0 = Debug|Any CPU
		{58B89D86-B400-4906-B12F-659CFA101BC8}.Debug|iPhoneSimulator.ActiveCfg = Debug|Any CPU
		{58B89D86-B400-4906-B12F-659CFA101BC8}.Debug|iPhoneSimulator.Build.0 = Debug|Any CPU
		{58B89D86-B400-4906-B12F-659CFA101BC8}.Debug|iPhoneSimulator.Deploy.0 = Debug|Any CPU
		{58B89D86-B400-4906-B12F-659CFA101BC8}.Release|Any CPU.ActiveCfg = Release|Any CPU
		{58B89D86-B400-4906-B12F-659CFA101BC8}.Release|Any CPU.Build.0 = Release|Any CPU
		{58B89D86-B400-4906-B12F-659CFA101BC8}.Release|Any CPU.Deploy.0 = Release|Any CPU
		{58B89D86-B400-4906-B12F-659CFA101BC8}.Release|iPhone.ActiveCfg = Release|Any CPU
		{58B89D86-B400-4906-B12F-659CFA101BC8}.Release|iPhone.Build.0 = Release|Any CPU
		{58B89D86-B400-4906-B12F-659CFA101BC8}.Release|iPhone.Deploy.0 = Release|Any CPU
		{58B89D86-B400-4906-B12F-659CFA101BC8}.Release|iPhoneSimulator.ActiveCfg = Release|Any CPU
		{58B89D86-B400-4906-B12F-659CFA101BC8}.Release|iPhoneSimulator.Build.0 = Release|Any CPU
		{58B89D86-B400-4906-B12F-659CFA101BC8}.Release|iPhoneSimulator.Deploy.0 = Release|Any CPU
		{E92E2DFB-B970-4056-8C2B-8158BD23F991}.Debug|Any CPU.ActiveCfg = Debug|iPhone
		{E92E2DFB-B970-4056-8C2B-8158BD23F991}.Debug|Any CPU.Build.0 = Debug|iPhone
		{E92E2DFB-B970-4056-8C2B-8158BD23F991}.Debug|Any CPU.Deploy.0 = Debug|iPhone
		{E92E2DFB-B970-4056-8C2B-8158BD23F991}.Debug|iPhone.ActiveCfg = Debug|iPhone
		{E92E2DFB-B970-4056-8C2B-8158BD23F991}.Debug|iPhone.Build.0 = Debug|iPhone
		{E92E2DFB-B970-4056-8C2B-8158BD23F991}.Debug|iPhone.Deploy.0 = Debug|iPhone
		{E92E2DFB-B970-4056-8C2B-8158BD23F991}.Debug|iPhoneSimulator.ActiveCfg = Debug|iPhoneSimulator
		{E92E2DFB-B970-4056-8C2B-8158BD23F991}.Debug|iPhoneSimulator.Build.0 = Debug|iPhoneSimulator
		{E92E2DFB-B970-4056-8C2B-8158BD23F991}.Debug|iPhoneSimulator.Deploy.0 = Debug|iPhoneSimulator
		{E92E2DFB-B970-4056-8C2B-8158BD23F991}.Release|Any CPU.ActiveCfg = Release|iPhoneSimulator
		{E92E2DFB-B970-4056-8C2B-8158BD23F991}.Release|Any CPU.Build.0 = Release|iPhoneSimulator
		{E92E2DFB-B970-4056-8C2B-8158BD23F991}.Release|Any CPU.Deploy.0 = Release|iPhoneSimulator
		{E92E2DFB-B970-4056-8C2B-8158BD23F991}.Release|iPhone.ActiveCfg = Release|iPhone
		{E92E2DFB-B970-4056-8C2B-8158BD23F991}.Release|iPhone.Build.0 = Release|iPhone
		{E92E2DFB-B970-4056-8C2B-8158BD23F991}.Release|iPhone.Deploy.0 = Release|iPhone
		{E92E2DFB-B970-4056-8C2B-8158BD23F991}.Release|iPhoneSimulator.ActiveCfg = Release|iPhoneSimulator
		{E92E2DFB-B970-4056-8C2B-8158BD23F991}.Release|iPhoneSimulator.Build.0 = Release|iPhoneSimulator
		{E92E2DFB-B970-4056-8C2B-8158BD23F991}.Release|iPhoneSimulator.Deploy.0 = Release|iPhoneSimulator
		{D6CF2DCB-57DC-4035-8EA4-5A45589D3692}.Debug|Any CPU.ActiveCfg = Debug|Any CPU
		{D6CF2DCB-57DC-4035-8EA4-5A45589D3692}.Debug|Any CPU.Build.0 = Debug|Any CPU
		{D6CF2DCB-57DC-4035-8EA4-5A45589D3692}.Debug|Any CPU.Deploy.0 = Debug|Any CPU
		{D6CF2DCB-57DC-4035-8EA4-5A45589D3692}.Debug|iPhone.ActiveCfg = Debug|Any CPU
		{D6CF2DCB-57DC-4035-8EA4-5A45589D3692}.Debug|iPhone.Build.0 = Debug|Any CPU
		{D6CF2DCB-57DC-4035-8EA4-5A45589D3692}.Debug|iPhone.Deploy.0 = Debug|Any CPU
		{D6CF2DCB-57DC-4035-8EA4-5A45589D3692}.Debug|iPhoneSimulator.ActiveCfg = Debug|Any CPU
		{D6CF2DCB-57DC-4035-8EA4-5A45589D3692}.Debug|iPhoneSimulator.Build.0 = Debug|Any CPU
		{D6CF2DCB-57DC-4035-8EA4-5A45589D3692}.Debug|iPhoneSimulator.Deploy.0 = Debug|Any CPU
		{D6CF2DCB-57DC-4035-8EA4-5A45589D3692}.Release|Any CPU.ActiveCfg = Release|Any CPU
		{D6CF2DCB-57DC-4035-8EA4-5A45589D3692}.Release|Any CPU.Build.0 = Release|Any CPU
		{D6CF2DCB-57DC-4035-8EA4-5A45589D3692}.Release|Any CPU.Deploy.0 = Release|Any CPU
		{D6CF2DCB-57DC-4035-8EA4-5A45589D3692}.Release|iPhone.ActiveCfg = Release|Any CPU
		{D6CF2DCB-57DC-4035-8EA4-5A45589D3692}.Release|iPhone.Build.0 = Release|Any CPU
		{D6CF2DCB-57DC-4035-8EA4-5A45589D3692}.Release|iPhone.Deploy.0 = Release|Any CPU
		{D6CF2DCB-57DC-4035-8EA4-5A45589D3692}.Release|iPhoneSimulator.ActiveCfg = Release|Any CPU
		{D6CF2DCB-57DC-4035-8EA4-5A45589D3692}.Release|iPhoneSimulator.Build.0 = Release|Any CPU
		{D6CF2DCB-57DC-4035-8EA4-5A45589D3692}.Release|iPhoneSimulator.Deploy.0 = Release|Any CPU
	EndGlobalSection
	GlobalSection(SolutionProperties) = preSolution
		HideSolutionNode = FALSE
	EndGlobalSection
	GlobalSection(ExtensibilityGlobals) = postSolution
		SolutionGuid = {26778EC1-05E1-4D4F-AC35-21001354DF21}
	EndGlobalSection
EndGlobal
